
Microsoft Visual Studio Solution File, Format Version 12.00
# Visual Studio Version 17
VisualStudioVersion = 17.7.34024.191
MinimumVisualStudioVersion = 10.0.40219.1
Project("{FAE04EC0-301F-11D3-BF4B-00C04F79EFBC}") = "AV1bitsAnalyzer", "AV1bitsAnalyzer\AV1bitsAnalyzer.csproj", "{DE59BE02-AD2D-478D-9C5B-E668933FE44D}"
EndProject
Global
	GlobalSection(SolutionConfigurationPlatforms) = preSolution
		Debug|Any CPU = Debug|Any CPU
		Release|Any CPU = Release|Any CPU
	EndGlobalSection
	GlobalSection(ProjectConfigurationPlatforms) = postSolution
		{DE59BE02-AD2D-478D-9C5B-E668933FE44D}.Debug|Any CPU.ActiveCfg = Debug|Any CPU
		{DE59BE02-AD2D-478D-9C5B-E668933FE44D}.Debug|Any CPU.Build.0 = Debug|Any CPU
		{DE59BE02-AD2D-478D-9C5B-E668933FE44D}.Release|Any CPU.ActiveCfg = Release|Any CPU
		{DE59BE02-AD2D-478D-9C5B-E668933FE44D}.Release|Any CPU.Build.0 = Release|Any CPU
	EndGlobalSection
	GlobalSection(SolutionProperties) = preSolution
		HideSolutionNode = FALSE
	EndGlobalSection
	GlobalSection(ExtensibilityGlobals) = postSolution
		SolutionGuid = {DDEFDB30-5997-4166-9DA5-FC938401556D}
	EndGlobalSection
EndGlobal
